// !$*UTF8*$!
{
	archiveVersion = 1;
	classes = {
	};
	objectVersion = 46;
	objects = {

/* Begin PBXBuildFile section */
		25253CF21DA9BA0B00B60F0F /* CollectionViewController.swift in Sources */ = {isa = PBXBuildFile; fileRef = 25253CF11DA9BA0B00B60F0F /* CollectionViewController.swift */; };
		25253CF41DA9BA1D00B60F0F /* TableViewController.swift in Sources */ = {isa = PBXBuildFile; fileRef = 25253CF31DA9BA1D00B60F0F /* TableViewController.swift */; };
		25253CF61DA9BDF600B60F0F /* TableCell.swift in Sources */ = {isa = PBXBuildFile; fileRef = 25253CF51DA9BDF600B60F0F /* TableCell.swift */; };
		25253CF81DA9BE1900B60F0F /* CollectionView.swift in Sources */ = {isa = PBXBuildFile; fileRef = 25253CF71DA9BE1900B60F0F /* CollectionView.swift */; };
		25253CFA1DA9C12000B60F0F /* TabBar.swift in Sources */ = {isa = PBXBuildFile; fileRef = 25253CF91DA9C12000B60F0F /* TabBar.swift */; };
		2562026F1DA045FC00708C27 /* NationalParksModel.swift in Sources */ = {isa = PBXBuildFile; fileRef = 2562026E1DA045FC00708C27 /* NationalParksModel.swift */; };
		2562029A1DA075BD00708C27 /* arrowDown.png in Resources */ = {isa = PBXBuildFile; fileRef = 256202791DA075BD00708C27 /* arrowDown.png */; };
		2562029B1DA075BD00708C27 /* arrowDown.png in Resources */ = {isa = PBXBuildFile; fileRef = 256202791DA075BD00708C27 /* arrowDown.png */; };
		2562029C1DA075BD00708C27 /* arrowLeft.png in Resources */ = {isa = PBXBuildFile; fileRef = 2562027A1DA075BD00708C27 /* arrowLeft.png */; };
		2562029D1DA075BD00708C27 /* arrowLeft.png in Resources */ = {isa = PBXBuildFile; fileRef = 2562027A1DA075BD00708C27 /* arrowLeft.png */; };
		2562029E1DA075BD00708C27 /* arrowRight.png in Resources */ = {isa = PBXBuildFile; fileRef = 2562027B1DA075BD00708C27 /* arrowRight.png */; };
		2562029F1DA075BD00708C27 /* arrowRight.png in Resources */ = {isa = PBXBuildFile; fileRef = 2562027B1DA075BD00708C27 /* arrowRight.png */; };
		256202A01DA075BD00708C27 /* arrowUp.png in Resources */ = {isa = PBXBuildFile; fileRef = 2562027C1DA075BD00708C27 /* arrowUp.png */; };
		256202A11DA075BD00708C27 /* arrowUp.png in Resources */ = {isa = PBXBuildFile; fileRef = 2562027C1DA075BD00708C27 /* arrowUp.png */; };
		256202A21DA075BD00708C27 /* BryceCanyon01.png in Resources */ = {isa = PBXBuildFile; fileRef = 2562027D1DA075BD00708C27 /* BryceCanyon01.png */; };
		256202A31DA075BD00708C27 /* BryceCanyon01.png in Resources */ = {isa = PBXBuildFile; fileRef = 2562027D1DA075BD00708C27 /* BryceCanyon01.png */; };
		256202A41DA075BD00708C27 /* BryceCanyon02.png in Resources */ = {isa = PBXBuildFile; fileRef = 2562027E1DA075BD00708C27 /* BryceCanyon02.png */; };
		256202A51DA075BD00708C27 /* BryceCanyon02.png in Resources */ = {isa = PBXBuildFile; fileRef = 2562027E1DA075BD00708C27 /* BryceCanyon02.png */; };
		256202A61DA075BD00708C27 /* BryceCanyon03.png in Resources */ = {isa = PBXBuildFile; fileRef = 2562027F1DA075BD00708C27 /* BryceCanyon03.png */; };
		256202A71DA075BD00708C27 /* BryceCanyon03.png in Resources */ = {isa = PBXBuildFile; fileRef = 2562027F1DA075BD00708C27 /* BryceCanyon03.png */; };
		256202A81DA075BD00708C27 /* Carlsbad01.png in Resources */ = {isa = PBXBuildFile; fileRef = 256202801DA075BD00708C27 /* Carlsbad01.png */; };
		256202A91DA075BD00708C27 /* Carlsbad01.png in Resources */ = {isa = PBXBuildFile; fileRef = 256202801DA075BD00708C27 /* Carlsbad01.png */; };
		256202AA1DA075BD00708C27 /* Carlsbad02.png in Resources */ = {isa = PBXBuildFile; fileRef = 256202811DA075BD00708C27 /* Carlsbad02.png */; };
		256202AB1DA075BD00708C27 /* Carlsbad02.png in Resources */ = {isa = PBXBuildFile; fileRef = 256202811DA075BD00708C27 /* Carlsbad02.png */; };
		256202AC1DA075BD00708C27 /* CarlsBad03.png in Resources */ = {isa = PBXBuildFile; fileRef = 256202821DA075BD00708C27 /* CarlsBad03.png */; };
		256202AD1DA075BD00708C27 /* CarlsBad03.png in Resources */ = {isa = PBXBuildFile; fileRef = 256202821DA075BD00708C27 /* CarlsBad03.png */; };
		256202AE1DA075BD00708C27 /* Carlsbad04.png in Resources */ = {isa = PBXBuildFile; fileRef = 256202831DA075BD00708C27 /* Carlsbad04.png */; };
		256202AF1DA075BD00708C27 /* Carlsbad04.png in Resources */ = {isa = PBXBuildFile; fileRef = 256202831DA075BD00708C27 /* Carlsbad04.png */; };
		256202B01DA075BD00708C27 /* Everglades01.png in Resources */ = {isa = PBXBuildFile; fileRef = 256202841DA075BD00708C27 /* Everglades01.png */; };
		256202B11DA075BD00708C27 /* Everglades01.png in Resources */ = {isa = PBXBuildFile; fileRef = 256202841DA075BD00708C27 /* Everglades01.png */; };
		256202B21DA075BD00708C27 /* Everglades02.png in Resources */ = {isa = PBXBuildFile; fileRef = 256202851DA075BD00708C27 /* Everglades02.png */; };
		256202B31DA075BD00708C27 /* Everglades02.png in Resources */ = {isa = PBXBuildFile; fileRef = 256202851DA075BD00708C27 /* Everglades02.png */; };
		256202B41DA075BD00708C27 /* Glacier01.png in Resources */ = {isa = PBXBuildFile; fileRef = 256202861DA075BD00708C27 /* Glacier01.png */; };
		256202B51DA075BD00708C27 /* Glacier01.png in Resources */ = {isa = PBXBuildFile; fileRef = 256202861DA075BD00708C27 /* Glacier01.png */; };
		256202B61DA075BD00708C27 /* Glacier02.png in Resources */ = {isa = PBXBuildFile; fileRef = 256202871DA075BD00708C27 /* Glacier02.png */; };
		256202B71DA075BD00708C27 /* Glacier02.png in Resources */ = {isa = PBXBuildFile; fileRef = 256202871DA075BD00708C27 /* Glacier02.png */; };
		256202B81DA075BD00708C27 /* Glacier03.png in Resources */ = {isa = PBXBuildFile; fileRef = 256202881DA075BD00708C27 /* Glacier03.png */; };
		256202B91DA075BD00708C27 /* Glacier03.png in Resources */ = {isa = PBXBuildFile; fileRef = 256202881DA075BD00708C27 /* Glacier03.png */; };
		256202BA1DA075BD00708C27 /* Glacier04.png in Resources */ = {isa = PBXBuildFile; fileRef = 256202891DA075BD00708C27 /* Glacier04.png */; };
		256202BB1DA075BD00708C27 /* Glacier04.png in Resources */ = {isa = PBXBuildFile; fileRef = 256202891DA075BD00708C27 /* Glacier04.png */; };
		256202BC1DA075BD00708C27 /* GrandTeton01.png in Resources */ = {isa = PBXBuildFile; fileRef = 2562028A1DA075BD00708C27 /* GrandTeton01.png */; };
		256202BD1DA075BD00708C27 /* GrandTeton01.png in Resources */ = {isa = PBXBuildFile; fileRef = 2562028A1DA075BD00708C27 /* GrandTeton01.png */; };
		256202BE1DA075BD00708C27 /* GrandTeton02.png in Resources */ = {isa = PBXBuildFile; fileRef = 2562028B1DA075BD00708C27 /* GrandTeton02.png */; };
		256202BF1DA075BD00708C27 /* GrandTeton02.png in Resources */ = {isa = PBXBuildFile; fileRef = 2562028B1DA075BD00708C27 /* GrandTeton02.png */; };
		256202C01DA075BD00708C27 /* Photos.plist in Resources */ = {isa = PBXBuildFile; fileRef = 2562028C1DA075BD00708C27 /* Photos.plist */; };
		256202C11DA075BD00708C27 /* Photos.plist in Resources */ = {isa = PBXBuildFile; fileRef = 2562028C1DA075BD00708C27 /* Photos.plist */; };
		256202C21DA075BD00708C27 /* Yellowstone01.png in Resources */ = {isa = PBXBuildFile; fileRef = 2562028D1DA075BD00708C27 /* Yellowstone01.png */; };
		256202C31DA075BD00708C27 /* Yellowstone01.png in Resources */ = {isa = PBXBuildFile; fileRef = 2562028D1DA075BD00708C27 /* Yellowstone01.png */; };
		256202C41DA075BD00708C27 /* Yellowstone02.png in Resources */ = {isa = PBXBuildFile; fileRef = 2562028E1DA075BD00708C27 /* Yellowstone02.png */; };
		256202C51DA075BD00708C27 /* Yellowstone02.png in Resources */ = {isa = PBXBuildFile; fileRef = 2562028E1DA075BD00708C27 /* Yellowstone02.png */; };
		256202C61DA075BD00708C27 /* Yellowstone03.png in Resources */ = {isa = PBXBuildFile; fileRef = 2562028F1DA075BD00708C27 /* Yellowstone03.png */; };
		256202C71DA075BD00708C27 /* Yellowstone03.png in Resources */ = {isa = PBXBuildFile; fileRef = 2562028F1DA075BD00708C27 /* Yellowstone03.png */; };
		256202C81DA075BD00708C27 /* Yellowstone04.png in Resources */ = {isa = PBXBuildFile; fileRef = 256202901DA075BD00708C27 /* Yellowstone04.png */; };
		256202C91DA075BD00708C27 /* Yellowstone04.png in Resources */ = {isa = PBXBuildFile; fileRef = 256202901DA075BD00708C27 /* Yellowstone04.png */; };
		256202CA1DA075BD00708C27 /* Yosemite01.png in Resources */ = {isa = PBXBuildFile; fileRef = 256202911DA075BD00708C27 /* Yosemite01.png */; };
		256202CB1DA075BD00708C27 /* Yosemite01.png in Resources */ = {isa = PBXBuildFile; fileRef = 256202911DA075BD00708C27 /* Yosemite01.png */; };
		256202CC1DA075BD00708C27 /* Yosemite02.png in Resources */ = {isa = PBXBuildFile; fileRef = 256202921DA075BD00708C27 /* Yosemite02.png */; };
		256202CD1DA075BD00708C27 /* Yosemite02.png in Resources */ = {isa = PBXBuildFile; fileRef = 256202921DA075BD00708C27 /* Yosemite02.png */; };
		256202CE1DA075BD00708C27 /* Yosemite03.png in Resources */ = {isa = PBXBuildFile; fileRef = 256202931DA075BD00708C27 /* Yosemite03.png */; };
		256202CF1DA075BD00708C27 /* Yosemite03.png in Resources */ = {isa = PBXBuildFile; fileRef = 256202931DA075BD00708C27 /* Yosemite03.png */; };
		256202D01DA075BD00708C27 /* Yosemite04.png in Resources */ = {isa = PBXBuildFile; fileRef = 256202941DA075BD00708C27 /* Yosemite04.png */; };
		256202D11DA075BD00708C27 /* Yosemite04.png in Resources */ = {isa = PBXBuildFile; fileRef = 256202941DA075BD00708C27 /* Yosemite04.png */; };
		256202D21DA075BD00708C27 /* Yosemite05.png in Resources */ = {isa = PBXBuildFile; fileRef = 256202951DA075BD00708C27 /* Yosemite05.png */; };
		256202D31DA075BD00708C27 /* Yosemite05.png in Resources */ = {isa = PBXBuildFile; fileRef = 256202951DA075BD00708C27 /* Yosemite05.png */; };
		256202D41DA075BD00708C27 /* Yosemite06.png in Resources */ = {isa = PBXBuildFile; fileRef = 256202961DA075BD00708C27 /* Yosemite06.png */; };
		256202D51DA075BD00708C27 /* Yosemite06.png in Resources */ = {isa = PBXBuildFile; fileRef = 256202961DA075BD00708C27 /* Yosemite06.png */; };
		256202D61DA075BD00708C27 /* Zion01.png in Resources */ = {isa = PBXBuildFile; fileRef = 256202971DA075BD00708C27 /* Zion01.png */; };
		256202D71DA075BD00708C27 /* Zion01.png in Resources */ = {isa = PBXBuildFile; fileRef = 256202971DA075BD00708C27 /* Zion01.png */; };
		256202D81DA075BD00708C27 /* Zion02.png in Resources */ = {isa = PBXBuildFile; fileRef = 256202981DA075BD00708C27 /* Zion02.png */; };
		256202D91DA075BD00708C27 /* Zion02.png in Resources */ = {isa = PBXBuildFile; fileRef = 256202981DA075BD00708C27 /* Zion02.png */; };
		256202DA1DA075BD00708C27 /* Zion03.png in Resources */ = {isa = PBXBuildFile; fileRef = 256202991DA075BD00708C27 /* Zion03.png */; };
		256202DB1DA075BD00708C27 /* Zion03.png in Resources */ = {isa = PBXBuildFile; fileRef = 256202991DA075BD00708C27 /* Zion03.png */; };
		25CE9B931DA02D9E0075DBA5 /* AppDelegate.swift in Sources */ = {isa = PBXBuildFile; fileRef = 25CE9B921DA02D9E0075DBA5 /* AppDelegate.swift */; };
		25CE9B951DA02D9E0075DBA5 /* ViewController.swift in Sources */ = {isa = PBXBuildFile; fileRef = 25CE9B941DA02D9E0075DBA5 /* ViewController.swift */; };
		25CE9B981DA02D9E0075DBA5 /* Main.storyboard in Resources */ = {isa = PBXBuildFile; fileRef = 25CE9B961DA02D9E0075DBA5 /* Main.storyboard */; };
		25CE9B9A1DA02D9E0075DBA5 /* Assets.xcassets in Resources */ = {isa = PBXBuildFile; fileRef = 25CE9B991DA02D9E0075DBA5 /* Assets.xcassets */; };
		25CE9B9D1DA02D9E0075DBA5 /* LaunchScreen.storyboard in Resources */ = {isa = PBXBuildFile; fileRef = 25CE9B9B1DA02D9E0075DBA5 /* LaunchScreen.storyboard */; };
		25CE9BA81DA02D9E0075DBA5 /* National_ParkTests.swift in Sources */ = {isa = PBXBuildFile; fileRef = 25CE9BA71DA02D9E0075DBA5 /* National_ParkTests.swift */; };
/* End PBXBuildFile section */

/* Begin PBXContainerItemProxy section */
		25CE9BA41DA02D9E0075DBA5 /* PBXContainerItemProxy */ = {
			isa = PBXContainerItemProxy;
			containerPortal = 25CE9B871DA02D9E0075DBA5 /* Project object */;
			proxyType = 1;
			remoteGlobalIDString = 25CE9B8E1DA02D9E0075DBA5;
			remoteInfo = "National Park";
		};
/* End PBXContainerItemProxy section */

/* Begin PBXFileReference section */
		25253CF11DA9BA0B00B60F0F /* CollectionViewController.swift */ = {isa = PBXFileReference; fileEncoding = 4; lastKnownFileType = sourcecode.swift; path = CollectionViewController.swift; sourceTree = "<group>"; };
		25253CF31DA9BA1D00B60F0F /* TableViewController.swift */ = {isa = PBXFileReference; fileEncoding = 4; lastKnownFileType = sourcecode.swift; path = TableViewController.swift; sourceTree = "<group>"; };
		25253CF51DA9BDF600B60F0F /* TableCell.swift */ = {isa = PBXFileReference; fileEncoding = 4; lastKnownFileType = sourcecode.swift; path = TableCell.swift; sourceTree = "<group>"; };
		25253CF71DA9BE1900B60F0F /* CollectionView.swift */ = {isa = PBXFileReference; fileEncoding = 4; lastKnownFileType = sourcecode.swift; path = CollectionView.swift; sourceTree = "<group>"; };
		25253CF91DA9C12000B60F0F /* TabBar.swift */ = {isa = PBXFileReference; fileEncoding = 4; lastKnownFileType = sourcecode.swift; path = TabBar.swift; sourceTree = "<group>"; };
		2562026E1DA045FC00708C27 /* NationalParksModel.swift */ = {isa = PBXFileReference; fileEncoding = 4; lastKnownFileType = sourcecode.swift; path = NationalParksModel.swift; sourceTree = "<group>"; };
		256202791DA075BD00708C27 /* arrowDown.png */ = {isa = PBXFileReference; lastKnownFileType = image.png; path = arrowDown.png; sourceTree = "<group>"; };
		2562027A1DA075BD00708C27 /* arrowLeft.png */ = {isa = PBXFileReference; lastKnownFileType = image.png; path = arrowLeft.png; sourceTree = "<group>"; };
		2562027B1DA075BD00708C27 /* arrowRight.png */ = {isa = PBXFileReference; lastKnownFileType = image.png; path = arrowRight.png; sourceTree = "<group>"; };
		2562027C1DA075BD00708C27 /* arrowUp.png */ = {isa = PBXFileReference; lastKnownFileType = image.png; path = arrowUp.png; sourceTree = "<group>"; };
		2562027D1DA075BD00708C27 /* BryceCanyon01.png */ = {isa = PBXFileReference; lastKnownFileType = image.png; path = BryceCanyon01.png; sourceTree = "<group>"; };
		2562027E1DA075BD00708C27 /* BryceCanyon02.png */ = {isa = PBXFileReference; lastKnownFileType = image.png; path = BryceCanyon02.png; sourceTree = "<group>"; };
		2562027F1DA075BD00708C27 /* BryceCanyon03.png */ = {isa = PBXFileReference; lastKnownFileType = image.png; path = BryceCanyon03.png; sourceTree = "<group>"; };
		256202801DA075BD00708C27 /* Carlsbad01.png */ = {isa = PBXFileReference; lastKnownFileType = image.png; path = Carlsbad01.png; sourceTree = "<group>"; };
		256202811DA075BD00708C27 /* Carlsbad02.png */ = {isa = PBXFileReference; lastKnownFileType = image.png; path = Carlsbad02.png; sourceTree = "<group>"; };
		256202821DA075BD00708C27 /* CarlsBad03.png */ = {isa = PBXFileReference; lastKnownFileType = image.png; path = CarlsBad03.png; sourceTree = "<group>"; };
		256202831DA075BD00708C27 /* Carlsbad04.png */ = {isa = PBXFileReference; lastKnownFileType = image.png; path = Carlsbad04.png; sourceTree = "<group>"; };
		256202841DA075BD00708C27 /* Everglades01.png */ = {isa = PBXFileReference; lastKnownFileType = image.png; path = Everglades01.png; sourceTree = "<group>"; };
		256202851DA075BD00708C27 /* Everglades02.png */ = {isa = PBXFileReference; lastKnownFileType = image.png; path = Everglades02.png; sourceTree = "<group>"; };
		256202861DA075BD00708C27 /* Glacier01.png */ = {isa = PBXFileReference; lastKnownFileType = image.png; path = Glacier01.png; sourceTree = "<group>"; };
		256202871DA075BD00708C27 /* Glacier02.png */ = {isa = PBXFileReference; lastKnownFileType = image.png; path = Glacier02.png; sourceTree = "<group>"; };
		256202881DA075BD00708C27 /* Glacier03.png */ = {isa = PBXFileReference; lastKnownFileType = image.png; path = Glacier03.png; sourceTree = "<group>"; };
		256202891DA075BD00708C27 /* Glacier04.png */ = {isa = PBXFileReference; lastKnownFileType = image.png; path = Glacier04.png; sourceTree = "<group>"; };
		2562028A1DA075BD00708C27 /* GrandTeton01.png */ = {isa = PBXFileReference; lastKnownFileType = image.png; path = GrandTeton01.png; sourceTree = "<group>"; };
		2562028B1DA075BD00708C27 /* GrandTeton02.png */ = {isa = PBXFileReference; lastKnownFileType = image.png; path = GrandTeton02.png; sourceTree = "<group>"; };
		2562028C1DA075BD00708C27 /* Photos.plist */ = {isa = PBXFileReference; fileEncoding = 4; lastKnownFileType = text.plist.xml; path = Photos.plist; sourceTree = "<group>"; };
		2562028D1DA075BD00708C27 /* Yellowstone01.png */ = {isa = PBXFileReference; lastKnownFileType = image.png; path = Yellowstone01.png; sourceTree = "<group>"; };
		2562028E1DA075BD00708C27 /* Yellowstone02.png */ = {isa = PBXFileReference; lastKnownFileType = image.png; path = Yellowstone02.png; sourceTree = "<group>"; };
		2562028F1DA075BD00708C27 /* Yellowstone03.png */ = {isa = PBXFileReference; lastKnownFileType = image.png; path = Yellowstone03.png; sourceTree = "<group>"; };
		256202901DA075BD00708C27 /* Yellowstone04.png */ = {isa = PBXFileReference; lastKnownFileType = image.png; path = Yellowstone04.png; sourceTree = "<group>"; };
		256202911DA075BD00708C27 /* Yosemite01.png */ = {isa = PBXFileReference; lastKnownFileType = image.png; path = Yosemite01.png; sourceTree = "<group>"; };
		256202921DA075BD00708C27 /* Yosemite02.png */ = {isa = PBXFileReference; lastKnownFileType = image.png; path = Yosemite02.png; sourceTree = "<group>"; };
		256202931DA075BD00708C27 /* Yosemite03.png */ = {isa = PBXFileReference; lastKnownFileType = image.png; path = Yosemite03.png; sourceTree = "<group>"; };
		256202941DA075BD00708C27 /* Yosemite04.png */ = {isa = PBXFileReference; lastKnownFileType = image.png; path = Yosemite04.png; sourceTree = "<group>"; };
		256202951DA075BD00708C27 /* Yosemite05.png */ = {isa = PBXFileReference; lastKnownFileType = image.png; path = Yosemite05.png; sourceTree = "<group>"; };
		256202961DA075BD00708C27 /* Yosemite06.png */ = {isa = PBXFileReference; lastKnownFileType = image.png; path = Yosemite06.png; sourceTree = "<group>"; };
		256202971DA075BD00708C27 /* Zion01.png */ = {isa = PBXFileReference; lastKnownFileType = image.png; path = Zion01.png; sourceTree = "<group>"; };
		256202981DA075BD00708C27 /* Zion02.png */ = {isa = PBXFileReference; lastKnownFileType = image.png; path = Zion02.png; sourceTree = "<group>"; };
		256202991DA075BD00708C27 /* Zion03.png */ = {isa = PBXFileReference; lastKnownFileType = image.png; path = Zion03.png; sourceTree = "<group>"; };
		25CE9B8F1DA02D9E0075DBA5 /* National Park.app */ = {isa = PBXFileReference; explicitFileType = wrapper.application; includeInIndex = 0; path = "National Park.app"; sourceTree = BUILT_PRODUCTS_DIR; };
		25CE9B921DA02D9E0075DBA5 /* AppDelegate.swift */ = {isa = PBXFileReference; lastKnownFileType = sourcecode.swift; path = AppDelegate.swift; sourceTree = "<group>"; };
		25CE9B941DA02D9E0075DBA5 /* ViewController.swift */ = {isa = PBXFileReference; lastKnownFileType = sourcecode.swift; path = ViewController.swift; sourceTree = "<group>"; };
		25CE9B971DA02D9E0075DBA5 /* Base */ = {isa = PBXFileReference; lastKnownFileType = file.storyboard; name = Base; path = Base.lproj/Main.storyboard; sourceTree = "<group>"; };
		25CE9B991DA02D9E0075DBA5 /* Assets.xcassets */ = {isa = PBXFileReference; lastKnownFileType = folder.assetcatalog; path = Assets.xcassets; sourceTree = "<group>"; };
		25CE9B9C1DA02D9E0075DBA5 /* Base */ = {isa = PBXFileReference; lastKnownFileType = file.storyboard; name = Base; path = Base.lproj/LaunchScreen.storyboard; sourceTree = "<group>"; };
		25CE9B9E1DA02D9E0075DBA5 /* Info.plist */ = {isa = PBXFileReference; lastKnownFileType = text.plist.xml; path = Info.plist; sourceTree = "<group>"; };
		25CE9BA31DA02D9E0075DBA5 /* National ParkTests.xctest */ = {isa = PBXFileReference; explicitFileType = wrapper.cfbundle; includeInIndex = 0; path = "National ParkTests.xctest"; sourceTree = BUILT_PRODUCTS_DIR; };
		25CE9BA71DA02D9E0075DBA5 /* National_ParkTests.swift */ = {isa = PBXFileReference; lastKnownFileType = sourcecode.swift; path = National_ParkTests.swift; sourceTree = "<group>"; };
		25CE9BA91DA02D9E0075DBA5 /* Info.plist */ = {isa = PBXFileReference; lastKnownFileType = text.plist.xml; path = Info.plist; sourceTree = "<group>"; };
/* End PBXFileReference section */

/* Begin PBXFrameworksBuildPhase section */
		25CE9B8C1DA02D9E0075DBA5 /* Frameworks */ = {
			isa = PBXFrameworksBuildPhase;
			buildActionMask = 2147483647;
			files = (
			);
			runOnlyForDeploymentPostprocessing = 0;
		};
		25CE9BA01DA02D9E0075DBA5 /* Frameworks */ = {
			isa = PBXFrameworksBuildPhase;
			buildActionMask = 2147483647;
			files = (
			);
			runOnlyForDeploymentPostprocessing = 0;
		};
/* End PBXFrameworksBuildPhase section */

/* Begin PBXGroup section */
		25253CEE1DA9B99300B60F0F /* Model */ = {
			isa = PBXGroup;
			children = (
				2562026E1DA045FC00708C27 /* NationalParksModel.swift */,
			);
			name = Model;
			sourceTree = "<group>";
		};
		25253CEF1DA9B9AE00B60F0F /* Controller */ = {
			isa = PBXGroup;
			children = (
				25CE9B941DA02D9E0075DBA5 /* ViewController.swift */,
				25253CF11DA9BA0B00B60F0F /* CollectionViewController.swift */,
				25253CF31DA9BA1D00B60F0F /* TableViewController.swift */,
			);
			name = Controller;
			sourceTree = "<group>";
		};
		25253CF01DA9B9B600B60F0F /* View */ = {
			isa = PBXGroup;
			children = (
				25253CF51DA9BDF600B60F0F /* TableCell.swift */,
				25253CF71DA9BE1900B60F0F /* CollectionView.swift */,
				25253CF91DA9C12000B60F0F /* TabBar.swift */,
			);
			name = View;
			sourceTree = "<group>";
		};
		256202781DA075BD00708C27 /* National Park Assets */ = {
			isa = PBXGroup;
			children = (
				256202791DA075BD00708C27 /* arrowDown.png */,
				2562027A1DA075BD00708C27 /* arrowLeft.png */,
				2562027B1DA075BD00708C27 /* arrowRight.png */,
				2562027C1DA075BD00708C27 /* arrowUp.png */,
				2562027D1DA075BD00708C27 /* BryceCanyon01.png */,
				2562027E1DA075BD00708C27 /* BryceCanyon02.png */,
				2562027F1DA075BD00708C27 /* BryceCanyon03.png */,
				256202801DA075BD00708C27 /* Carlsbad01.png */,
				256202811DA075BD00708C27 /* Carlsbad02.png */,
				256202821DA075BD00708C27 /* CarlsBad03.png */,
				256202831DA075BD00708C27 /* Carlsbad04.png */,
				256202841DA075BD00708C27 /* Everglades01.png */,
				256202851DA075BD00708C27 /* Everglades02.png */,
				256202861DA075BD00708C27 /* Glacier01.png */,
				256202871DA075BD00708C27 /* Glacier02.png */,
				256202881DA075BD00708C27 /* Glacier03.png */,
				256202891DA075BD00708C27 /* Glacier04.png */,
				2562028A1DA075BD00708C27 /* GrandTeton01.png */,
				2562028B1DA075BD00708C27 /* GrandTeton02.png */,
				2562028C1DA075BD00708C27 /* Photos.plist */,
				2562028D1DA075BD00708C27 /* Yellowstone01.png */,
				2562028E1DA075BD00708C27 /* Yellowstone02.png */,
				2562028F1DA075BD00708C27 /* Yellowstone03.png */,
				256202901DA075BD00708C27 /* Yellowstone04.png */,
				256202911DA075BD00708C27 /* Yosemite01.png */,
				256202921DA075BD00708C27 /* Yosemite02.png */,
				256202931DA075BD00708C27 /* Yosemite03.png */,
				256202941DA075BD00708C27 /* Yosemite04.png */,
				256202951DA075BD00708C27 /* Yosemite05.png */,
				256202961DA075BD00708C27 /* Yosemite06.png */,
				256202971DA075BD00708C27 /* Zion01.png */,
				256202981DA075BD00708C27 /* Zion02.png */,
				256202991DA075BD00708C27 /* Zion03.png */,
			);
			path = "National Park Assets";
			sourceTree = "<group>";
		};
		25CE9B861DA02D9E0075DBA5 = {
			isa = PBXGroup;
			children = (
				25CE9B911DA02D9E0075DBA5 /* National Park */,
				25CE9BA61DA02D9E0075DBA5 /* National ParkTests */,
				25CE9B901DA02D9E0075DBA5 /* Products */,
			);
			sourceTree = "<group>";
		};
		25CE9B901DA02D9E0075DBA5 /* Products */ = {
			isa = PBXGroup;
			children = (
				25CE9B8F1DA02D9E0075DBA5 /* National Park.app */,
				25CE9BA31DA02D9E0075DBA5 /* National ParkTests.xctest */,
			);
			name = Products;
			sourceTree = "<group>";
		};
		25CE9B911DA02D9E0075DBA5 /* National Park */ = {
			isa = PBXGroup;
			children = (
				25CE9B921DA02D9E0075DBA5 /* AppDelegate.swift */,
				25253CEE1DA9B99300B60F0F /* Model */,
				25CE9B961DA02D9E0075DBA5 /* Main.storyboard */,
				25CE9B991DA02D9E0075DBA5 /* Assets.xcassets */,
				25CE9B9B1DA02D9E0075DBA5 /* LaunchScreen.storyboard */,
				25CE9B9E1DA02D9E0075DBA5 /* Info.plist */,
				25253CF01DA9B9B600B60F0F /* View */,
				25253CEF1DA9B9AE00B60F0F /* Controller */,
				256202781DA075BD00708C27 /* National Park Assets */,
			);
			path = "National Park";
			sourceTree = "<group>";
		};
		25CE9BA61DA02D9E0075DBA5 /* National ParkTests */ = {
			isa = PBXGroup;
			children = (
				25CE9BA71DA02D9E0075DBA5 /* National_ParkTests.swift */,
				25CE9BA91DA02D9E0075DBA5 /* Info.plist */,
			);
			path = "National ParkTests";
			sourceTree = "<group>";
		};
/* End PBXGroup section */

/* Begin PBXNativeTarget section */
		25CE9B8E1DA02D9E0075DBA5 /* National Park */ = {
			isa = PBXNativeTarget;
			buildConfigurationList = 25CE9BAC1DA02D9E0075DBA5 /* Build configuration list for PBXNativeTarget "National Park" */;
			buildPhases = (
				25CE9B8B1DA02D9E0075DBA5 /* Sources */,
				25CE9B8C1DA02D9E0075DBA5 /* Frameworks */,
				25CE9B8D1DA02D9E0075DBA5 /* Resources */,
			);
			buildRules = (
			);
			dependencies = (
			);
			name = "National Park";
			productName = "National Park";
			productReference = 25CE9B8F1DA02D9E0075DBA5 /* National Park.app */;
			productType = "com.apple.product-type.application";
		};
		25CE9BA21DA02D9E0075DBA5 /* National ParkTests */ = {
			isa = PBXNativeTarget;
			buildConfigurationList = 25CE9BAF1DA02D9E0075DBA5 /* Build configuration list for PBXNativeTarget "National ParkTests" */;
			buildPhases = (
				25CE9B9F1DA02D9E0075DBA5 /* Sources */,
				25CE9BA01DA02D9E0075DBA5 /* Frameworks */,
				25CE9BA11DA02D9E0075DBA5 /* Resources */,
			);
			buildRules = (
			);
			dependencies = (
				25CE9BA51DA02D9E0075DBA5 /* PBXTargetDependency */,
			);
			name = "National ParkTests";
			productName = "National ParkTests";
			productReference = 25CE9BA31DA02D9E0075DBA5 /* National ParkTests.xctest */;
			productType = "com.apple.product-type.bundle.unit-test";
		};
/* End PBXNativeTarget section */

/* Begin PBXProject section */
		25CE9B871DA02D9E0075DBA5 /* Project object */ = {
			isa = PBXProject;
			attributes = {
				LastSwiftUpdateCheck = 0730;
				LastUpgradeCheck = 0730;
				ORGANIZATIONNAME = "Thadea Achmad";
				TargetAttributes = {
					25CE9B8E1DA02D9E0075DBA5 = {
						CreatedOnToolsVersion = 7.3.1;
					};
					25CE9BA21DA02D9E0075DBA5 = {
						CreatedOnToolsVersion = 7.3.1;
						TestTargetID = 25CE9B8E1DA02D9E0075DBA5;
					};
				};
			};
			buildConfigurationList = 25CE9B8A1DA02D9E0075DBA5 /* Build configuration list for PBXProject "National Park" */;
			compatibilityVersion = "Xcode 3.2";
			developmentRegion = English;
			hasScannedForEncodings = 0;
			knownRegions = (
				en,
				Base,
			);
			mainGroup = 25CE9B861DA02D9E0075DBA5;
			productRefGroup = 25CE9B901DA02D9E0075DBA5 /* Products */;
			projectDirPath = "";
			projectRoot = "";
			targets = (
				25CE9B8E1DA02D9E0075DBA5 /* National Park */,
				25CE9BA21DA02D9E0075DBA5 /* National ParkTests */,
			);
		};
/* End PBXProject section */

/* Begin PBXResourcesBuildPhase section */
		25CE9B8D1DA02D9E0075DBA5 /* Resources */ = {
			isa = PBXResourcesBuildPhase;
			buildActionMask = 2147483647;
			files = (
				2562029E1DA075BD00708C27 /* arrowRight.png in Resources */,
				256202CE1DA075BD00708C27 /* Yosemite03.png in Resources */,
				256202D61DA075BD00708C27 /* Zion01.png in Resources */,
				25CE9B9D1DA02D9E0075DBA5 /* LaunchScreen.storyboard in Resources */,
				256202B41DA075BD00708C27 /* Glacier01.png in Resources */,
				256202BE1DA075BD00708C27 /* GrandTeton02.png in Resources */,
				256202BC1DA075BD00708C27 /* GrandTeton01.png in Resources */,
				256202A61DA075BD00708C27 /* BryceCanyon03.png in Resources */,
				256202B81DA075BD00708C27 /* Glacier03.png in Resources */,
				256202AA1DA075BD00708C27 /* Carlsbad02.png in Resources */,
				256202AC1DA075BD00708C27 /* CarlsBad03.png in Resources */,
				256202D41DA075BD00708C27 /* Yosemite06.png in Resources */,
				256202CA1DA075BD00708C27 /* Yosemite01.png in Resources */,
				256202A21DA075BD00708C27 /* BryceCanyon01.png in Resources */,
				256202CC1DA075BD00708C27 /* Yosemite02.png in Resources */,
				2562029C1DA075BD00708C27 /* arrowLeft.png in Resources */,
				256202B21DA075BD00708C27 /* Everglades02.png in Resources */,
				256202AE1DA075BD00708C27 /* Carlsbad04.png in Resources */,
				256202BA1DA075BD00708C27 /* Glacier04.png in Resources */,
				256202B01DA075BD00708C27 /* Everglades01.png in Resources */,
				256202DA1DA075BD00708C27 /* Zion03.png in Resources */,
				256202C01DA075BD00708C27 /* Photos.plist in Resources */,
				256202D01DA075BD00708C27 /* Yosemite04.png in Resources */,
				25CE9B9A1DA02D9E0075DBA5 /* Assets.xcassets in Resources */,
				256202D21DA075BD00708C27 /* Yosemite05.png in Resources */,
				256202A81DA075BD00708C27 /* Carlsbad01.png in Resources */,
				256202C41DA075BD00708C27 /* Yellowstone02.png in Resources */,
				256202C21DA075BD00708C27 /* Yellowstone01.png in Resources */,
				256202C61DA075BD00708C27 /* Yellowstone03.png in Resources */,
				25CE9B981DA02D9E0075DBA5 /* Main.storyboard in Resources */,
				256202A01DA075BD00708C27 /* arrowUp.png in Resources */,
				256202D81DA075BD00708C27 /* Zion02.png in Resources */,
				256202A41DA075BD00708C27 /* BryceCanyon02.png in Resources */,
				256202C81DA075BD00708C27 /* Yellowstone04.png in Resources */,
				2562029A1DA075BD00708C27 /* arrowDown.png in Resources */,
				256202B61DA075BD00708C27 /* Glacier02.png in Resources */,
			);
			runOnlyForDeploymentPostprocessing = 0;
		};
		25CE9BA11DA02D9E0075DBA5 /* Resources */ = {
			isa = PBXResourcesBuildPhase;
			buildActionMask = 2147483647;
			files = (
				256202BD1DA075BD00708C27 /* GrandTeton01.png in Resources */,
				2562029F1DA075BD00708C27 /* arrowRight.png in Resources */,
				256202A51DA075BD00708C27 /* BryceCanyon02.png in Resources */,
				256202C31DA075BD00708C27 /* Yellowstone01.png in Resources */,
				256202D11DA075BD00708C27 /* Yosemite04.png in Resources */,
				256202B11DA075BD00708C27 /* Everglades01.png in Resources */,
				256202A31DA075BD00708C27 /* BryceCanyon01.png in Resources */,
				256202AB1DA075BD00708C27 /* Carlsbad02.png in Resources */,
				256202BF1DA075BD00708C27 /* GrandTeton02.png in Resources */,
				256202BB1DA075BD00708C27 /* Glacier04.png in Resources */,
				256202B71DA075BD00708C27 /* Glacier02.png in Resources */,
				256202D31DA075BD00708C27 /* Yosemite05.png in Resources */,
				2562029D1DA075BD00708C27 /* arrowLeft.png in Resources */,
				256202AF1DA075BD00708C27 /* Carlsbad04.png in Resources */,
				256202A11DA075BD00708C27 /* arrowUp.png in Resources */,
				256202B51DA075BD00708C27 /* Glacier01.png in Resources */,
				256202D71DA075BD00708C27 /* Zion01.png in Resources */,
				256202D51DA075BD00708C27 /* Yosemite06.png in Resources */,
				256202CD1DA075BD00708C27 /* Yosemite02.png in Resources */,
				256202B91DA075BD00708C27 /* Glacier03.png in Resources */,
				256202C51DA075BD00708C27 /* Yellowstone02.png in Resources */,
				256202CB1DA075BD00708C27 /* Yosemite01.png in Resources */,
				256202AD1DA075BD00708C27 /* CarlsBad03.png in Resources */,
				256202CF1DA075BD00708C27 /* Yosemite03.png in Resources */,
				256202A71DA075BD00708C27 /* BryceCanyon03.png in Resources */,
				256202A91DA075BD00708C27 /* Carlsbad01.png in Resources */,
				256202DB1DA075BD00708C27 /* Zion03.png in Resources */,
				2562029B1DA075BD00708C27 /* arrowDown.png in Resources */,
				256202C71DA075BD00708C27 /* Yellowstone03.png in Resources */,
				256202C91DA075BD00708C27 /* Yellowstone04.png in Resources */,
				256202B31DA075BD00708C27 /* Everglades02.png in Resources */,
				256202C11DA075BD00708C27 /* Photos.plist in Resources */,
				256202D91DA075BD00708C27 /* Zion02.png in Resources */,
			);
			runOnlyForDeploymentPostprocessing = 0;
		};
/* End PBXResourcesBuildPhase section */

/* Begin PBXSourcesBuildPhase section */
		25CE9B8B1DA02D9E0075DBA5 /* Sources */ = {
			isa = PBXSourcesBuildPhase;
			buildActionMask = 2147483647;
			files = (
				25253CF21DA9BA0B00B60F0F /* CollectionViewController.swift in Sources */,
				25253CF61DA9BDF600B60F0F /* TableCell.swift in Sources */,
				25253CF81DA9BE1900B60F0F /* CollectionView.swift in Sources */,
				25253CFA1DA9C12000B60F0F /* TabBar.swift in Sources */,
				25CE9B951DA02D9E0075DBA5 /* ViewController.swift in Sources */,
				25CE9B931DA02D9E0075DBA5 /* AppDelegate.swift in Sources */,
				25253CF41DA9BA1D00B60F0F /* TableViewController.swift in Sources */,
				2562026F1DA045FC00708C27 /* NationalParksModel.swift in Sources */,
			);
			runOnlyForDeploymentPostprocessing = 0;
		};
		25CE9B9F1DA02D9E0075DBA5 /* Sources */ = {
			isa = PBXSourcesBuildPhase;
			buildActionMask = 2147483647;
			files = (
				25CE9BA81DA02D9E0075DBA5 /* National_ParkTests.swift in Sources */,
			);
			runOnlyForDeploymentPostprocessing = 0;
		};
/* End PBXSourcesBuildPhase section */

/* Begin PBXTargetDependency section */
		25CE9BA51DA02D9E0075DBA5 /* PBXTargetDependency */ = {
			isa = PBXTargetDependency;
			target = 25CE9B8E1DA02D9E0075DBA5 /* National Park */;
			targetProxy = 25CE9BA41DA02D9E0075DBA5 /* PBXContainerItemProxy */;
		};
/* End PBXTargetDependency section */

/* Begin PBXVariantGroup section */
		25CE9B961DA02D9E0075DBA5 /* Main.storyboard */ = {
			isa = PBXVariantGroup;
			children = (
				25CE9B971DA02D9E0075DBA5 /* Base */,
			);
			name = Main.storyboard;
			sourceTree = "<group>";
		};
		25CE9B9B1DA02D9E0075DBA5 /* LaunchScreen.storyboard */ = {
			isa = PBXVariantGroup;
			children = (
				25CE9B9C1DA02D9E0075DBA5 /* Base */,
			);
			name = LaunchScreen.storyboard;
			sourceTree = "<group>";
		};
/* End PBXVariantGroup section */

/* Begin XCBuildConfiguration section */
		25CE9BAA1DA02D9E0075DBA5 /* Debug */ = {
			isa = XCBuildConfiguration;
			buildSettings = {
				ALWAYS_SEARCH_USER_PATHS = NO;
				CLANG_ANALYZER_NONNULL = YES;
				CLANG_CXX_LANGUAGE_STANDARD = "gnu++0x";
				CLANG_CXX_LIBRARY = "libc++";
				CLANG_ENABLE_MODULES = YES;
				CLANG_ENABLE_OBJC_ARC = YES;
				CLANG_WARN_BOOL_CONVERSION = YES;
				CLANG_WARN_CONSTANT_CONVERSION = YES;
				CLANG_WARN_DIRECT_OBJC_ISA_USAGE = YES_ERROR;
				CLANG_WARN_EMPTY_BODY = YES;
				CLANG_WARN_ENUM_CONVERSION = YES;
				CLANG_WARN_INT_CONVERSION = YES;
				CLANG_WARN_OBJC_ROOT_CLASS = YES_ERROR;
				CLANG_WARN_UNREACHABLE_CODE = YES;
				CLANG_WARN__DUPLICATE_METHOD_MATCH = YES;
				"CODE_SIGN_IDENTITY[sdk=iphoneos*]" = "iPhone Developer";
				COPY_PHASE_STRIP = NO;
				DEBUG_INFORMATION_FORMAT = dwarf;
				ENABLE_STRICT_OBJC_MSGSEND = YES;
				ENABLE_TESTABILITY = YES;
				GCC_C_LANGUAGE_STANDARD = gnu99;
				GCC_DYNAMIC_NO_PIC = NO;
				GCC_NO_COMMON_BLOCKS = YES;
				GCC_OPTIMIZATION_LEVEL = 0;
				GCC_PREPROCESSOR_DEFINITIONS = (
					"DEBUG=1",
					"$(inherited)",
				);
				GCC_WARN_64_TO_32_BIT_CONVERSION = YES;
				GCC_WARN_ABOUT_RETURN_TYPE = YES_ERROR;
				GCC_WARN_UNDECLARED_SELECTOR = YES;
				GCC_WARN_UNINITIALIZED_AUTOS = YES_AGGRESSIVE;
				GCC_WARN_UNUSED_FUNCTION = YES;
				GCC_WARN_UNUSED_VARIABLE = YES;
				IPHONEOS_DEPLOYMENT_TARGET = 9.3;
				MTL_ENABLE_DEBUG_INFO = YES;
				ONLY_ACTIVE_ARCH = YES;
				SDKROOT = iphoneos;
				SWIFT_OPTIMIZATION_LEVEL = "-Onone";
				TARGETED_DEVICE_FAMILY = "1,2";
			};
			name = Debug;
		};
		25CE9BAB1DA02D9E0075DBA5 /* Release */ = {
			isa = XCBuildConfiguration;
			buildSettings = {
				ALWAYS_SEARCH_USER_PATHS = NO;
				CLANG_ANALYZER_NONNULL = YES;
				CLANG_CXX_LANGUAGE_STANDARD = "gnu++0x";
				CLANG_CXX_LIBRARY = "libc++";
				CLANG_ENABLE_MODULES = YES;
				CLANG_ENABLE_OBJC_ARC = YES;
				CLANG_WARN_BOOL_CONVERSION = YES;
				CLANG_WARN_CONSTANT_CONVERSION = YES;
				CLANG_WARN_DIRECT_OBJC_ISA_USAGE = YES_ERROR;
				CLANG_WARN_EMPTY_BODY = YES;
				CLANG_WARN_ENUM_CONVERSION = YES;
				CLANG_WARN_INT_CONVERSION = YES;
				CLANG_WARN_OBJC_ROOT_CLASS = YES_ERROR;
				CLANG_WARN_UNREACHABLE_CODE = YES;
				CLANG_WARN__DUPLICATE_METHOD_MATCH = YES;
				"CODE_SIGN_IDENTITY[sdk=iphoneos*]" = "iPhone Developer";
				COPY_PHASE_STRIP = NO;
				DEBUG_INFORMATION_FORMAT = "dwarf-with-dsym";
				ENABLE_NS_ASSERTIONS = NO;
				ENABLE_STRICT_OBJC_MSGSEND = YES;
				GCC_C_LANGUAGE_STANDARD = gnu99;
				GCC_NO_COMMON_BLOCKS = YES;
				GCC_WARN_64_TO_32_BIT_CONVERSION = YES;
				GCC_WARN_ABOUT_RETURN_TYPE = YES_ERROR;
				GCC_WARN_UNDECLARED_SELECTOR = YES;
				GCC_WARN_UNINITIALIZED_AUTOS = YES_AGGRESSIVE;
				GCC_WARN_UNUSED_FUNCTION = YES;
				GCC_WARN_UNUSED_VARIABLE = YES;
				IPHONEOS_DEPLOYMENT_TARGET = 9.3;
				MTL_ENABLE_DEBUG_INFO = NO;
				SDKROOT = iphoneos;
				TARGETED_DEVICE_FAMILY = "1,2";
				VALIDATE_PRODUCT = YES;
			};
			name = Release;
		};
		25CE9BAD1DA02D9E0075DBA5 /* Debug */ = {
			isa = XCBuildConfiguration;
			buildSettings = {
				ASSETCATALOG_COMPILER_APPICON_NAME = AppIcon;
				INFOPLIST_FILE = "National Park/Info.plist";
				LD_RUNPATH_SEARCH_PATHS = "$(inherited) @executable_path/Frameworks";
				PRODUCT_BUNDLE_IDENTIFIER = "edu.cse.psu.taa5170.National-Park";
				PRODUCT_NAME = "$(TARGET_NAME)";
			};
			name = Debug;
		};
		25CE9BAE1DA02D9E0075DBA5 /* Release */ = {
			isa = XCBuildConfiguration;
			buildSettings = {
				ASSETCATALOG_COMPILER_APPICON_NAME = AppIcon;
				INFOPLIST_FILE = "National Park/Info.plist";
				LD_RUNPATH_SEARCH_PATHS = "$(inherited) @executable_path/Frameworks";
				PRODUCT_BUNDLE_IDENTIFIER = "edu.cse.psu.taa5170.National-Park";
				PRODUCT_NAME = "$(TARGET_NAME)";
			};
			name = Release;
		};
		25CE9BB01DA02D9E0075DBA5 /* Debug */ = {
			isa = XCBuildConfiguration;
			buildSettings = {
				BUNDLE_LOADER = "$(TEST_HOST)";
				INFOPLIST_FILE = "National ParkTests/Info.plist";
				LD_RUNPATH_SEARCH_PATHS = "$(inherited) @executable_path/Frameworks @loader_path/Frameworks";
				PRODUCT_BUNDLE_IDENTIFIER = "edu.cse.psu.taa5170.National-ParkTests";
				PRODUCT_NAME = "$(TARGET_NAME)";
				TEST_HOST = "$(BUILT_PRODUCTS_DIR)/National Park.app/National Park";
			};
			name = Debug;
		};
		25CE9BB11DA02D9E0075DBA5 /* Release */ = {
			isa = XCBuildConfiguration;
			buildSettings = {
				BUNDLE_LOADER = "$(TEST_HOST)";
				INFOPLIST_FILE = "National ParkTests/Info.plist";
				LD_RUNPATH_SEARCH_PATHS = "$(inherited) @executable_path/Frameworks @loader_path/Frameworks";
				PRODUCT_BUNDLE_IDENTIFIER = "edu.cse.psu.taa5170.National-ParkTests";
				PRODUCT_NAME = "$(TARGET_NAME)";
				TEST_HOST = "$(BUILT_PRODUCTS_DIR)/National Park.app/National Park";
			};
			name = Release;
		};
/* End XCBuildConfiguration section */

/* Begin XCConfigurationList section */
		25CE9B8A1DA02D9E0075DBA5 /* Build configuration list for PBXProject "National Park" */ = {
			isa = XCConfigurationList;
			buildConfigurations = (
				25CE9BAA1DA02D9E0075DBA5 /* Debug */,
				25CE9BAB1DA02D9E0075DBA5 /* Release */,
			);
			defaultConfigurationIsVisible = 0;
			defaultConfigurationName = Release;
		};
		25CE9BAC1DA02D9E0075DBA5 /* Build configuration list for PBXNativeTarget "National Park" */ = {
			isa = XCConfigurationList;
			buildConfigurations = (
				25CE9BAD1DA02D9E0075DBA5 /* Debug */,
				25CE9BAE1DA02D9E0075DBA5 /* Release */,
			);
			defaultConfigurationIsVisible = 0;
			defaultConfigurationName = Release;
		};
		25CE9BAF1DA02D9E0075DBA5 /* Build configuration list for PBXNativeTarget "National ParkTests" */ = {
			isa = XCConfigurationList;
			buildConfigurations = (
				25CE9BB01DA02D9E0075DBA5 /* Debug */,
				25CE9BB11DA02D9E0075DBA5 /* Release */,
			);
			defaultConfigurationIsVisible = 0;
			defaultConfigurationName = Release;
		};
/* End XCConfigurationList section */
	};
	rootObject = 25CE9B871DA02D9E0075DBA5 /* Project object */;
}
